
Microsoft Visual Studio Solution File, Format Version 12.00
# Visual Studio 15
VisualStudioVersion = 15.0.28307.271
MinimumVisualStudioVersion = 10.0.40219.1
Project("{888888A0-9F3D-457C-B088-3A5042F75D52}") = "PythonTutorial", "PythonTutorial\PythonTutorial.pyproj", "{719CB697-96E2-4B5F-9104-6E809034028C}"
EndProject
Global
	GlobalSection(SolutionConfigurationPlatforms) = preSolution
		Debug|Any CPU = Debug|Any CPU
		Release|Any CPU = Release|Any CPU
	EndGlobalSection
	GlobalSection(ProjectConfigurationPlatforms) = postSolution
		{719CB697-96E2-4B5F-9104-6E809034028C}.Debug|Any CPU.ActiveCfg = Debug|Any CPU
		{719CB697-96E2-4B5F-9104-6E809034028C}.Release|Any CPU.ActiveCfg = Release|Any CPU
	EndGlobalSection
	GlobalSection(SolutionProperties) = preSolution
		HideSolutionNode = FALSE
	EndGlobalSection
	GlobalSection(ExtensibilityGlobals) = postSolution
		SolutionGuid = {663C7B28-6E84-4577-9F63-F792518EB933}
	EndGlobalSection
EndGlobal
